
Microsoft Visual Studio Solution File, Format Version 12.00
# Visual Studio Version 17
VisualStudioVersion = 17.0.31903.59
MinimumVisualStudioVersion = 10.0.40219.1
Project("{2150E333-8FDC-42A3-9474-1A3956D46DE8}") = "src", "src", "{827E0CD3-B72D-47B6-A68D-7590B98EB39B}"
EndProject
Project("{FAE04EC0-301F-11D3-BF4B-00C04F79EFBC}") = "Yemekhane.Domain", "src\Yemekhane.Domain\Yemekhane.Domain.csproj", "{C1A72E89-47DA-422F-A376-2F5105C361F6}"
EndProject
Project("{FAE04EC0-301F-11D3-BF4B-00C04F79EFBC}") = "Yemekhane.Application", "src\Yemekhane.Application\Yemekhane.Application.csproj", "{0DD3816F-51AF-48C6-9DF6-41004DEF38EB}"
EndProject
Project("{FAE04EC0-301F-11D3-BF4B-00C04F79EFBC}") = "Yemekhane.Infrastructure", "src\Yemekhane.Infrastructure\Yemekhane.Infrastructure.csproj", "{1085D7A4-ED02-4596-B13A-83A99D4472C8}"
EndProject
Project("{FAE04EC0-301F-11D3-BF4B-00C04F79EFBC}") = "Yemekhane.Devices", "src\Yemekhane.Devices\Yemekhane.Devices.csproj", "{B398C221-2E1D-4B86-ADEF-BA94D3FA51BF}"
EndProject
Project("{FAE04EC0-301F-11D3-BF4B-00C04F79EFBC}") = "Yemekhane.Reports", "src\Yemekhane.Reports\Yemekhane.Reports.csproj", "{AC299B23-3FA8-4C95-9D7D-D7AEB93BB7D4}"
EndProject
Project("{FAE04EC0-301F-11D3-BF4B-00C04F79EFBC}") = "Yemekhane.Sync", "src\Yemekhane.Sync\Yemekhane.Sync.csproj", "{EA5A5D4C-378F-472E-8B7C-075EC8D2370E}"
EndProject
Project("{FAE04EC0-301F-11D3-BF4B-00C04F79EFBC}") = "Yemekhane.Api", "src\Yemekhane.Api\Yemekhane.Api.csproj", "{D14A6A1A-FB37-41A0-A6F0-F2A839D3E156}"
EndProject
Project("{FAE04EC0-301F-11D3-BF4B-00C04F79EFBC}") = "Yemekhane.Desktop", "src\Yemekhane.Desktop\Yemekhane.Desktop.csproj", "{E914A8EE-1E32-48D9-AD58-ACB3B3B39FFB}"
EndProject
Project("{2150E333-8FDC-42A3-9474-1A3956D46DE8}") = "tests", "tests", "{0AB3BF05-4346-4AA6-1389-037BE0695223}"
EndProject
Project("{FAE04EC0-301F-11D3-BF4B-00C04F79EFBC}") = "Yemekhane.UnitTests", "tests\Yemekhane.UnitTests\Yemekhane.UnitTests.csproj", "{A2257AE8-C290-474D-840F-36ADE9B68FE4}"
EndProject
Project("{FAE04EC0-301F-11D3-BF4B-00C04F79EFBC}") = "Yemekhane.ArchitectureTests", "tests\Yemekhane.ArchitectureTests\Yemekhane.ArchitectureTests.csproj", "{9D7EFB43-7BA9-4364-8B33-7F22ACED4C88}"
EndProject
Project("{FAE04EC0-301F-11D3-BF4B-00C04F79EFBC}") = "Yemekhane.PerformanceTests", "tests\Yemekhane.PerformanceTests\Yemekhane.PerformanceTests.csproj", "{F7B4872A-78C7-49CF-A96F-6947C0BE389F}"
EndProject
Project("{FAE04EC0-301F-11D3-BF4B-00C04F79EFBC}") = "Yemekhane.Licensing", "src\Yemekhane.Licensing\Yemekhane.Licensing.csproj", "{7FEC18F0-D7BB-4FDC-B657-0E6385525CEE}"
EndProject
Global
	GlobalSection(SolutionConfigurationPlatforms) = preSolution
		Debug|Any CPU = Debug|Any CPU
		Debug|x64 = Debug|x64
		Debug|x86 = Debug|x86
		Release|Any CPU = Release|Any CPU
		Release|x64 = Release|x64
		Release|x86 = Release|x86
	EndGlobalSection
	GlobalSection(ProjectConfigurationPlatforms) = postSolution
		{C1A72E89-47DA-422F-A376-2F5105C361F6}.Debug|Any CPU.ActiveCfg = Debug|Any CPU
		{C1A72E89-47DA-422F-A376-2F5105C361F6}.Debug|Any CPU.Build.0 = Debug|Any CPU
		{C1A72E89-47DA-422F-A376-2F5105C361F6}.Debug|x64.ActiveCfg = Debug|Any CPU
		{C1A72E89-47DA-422F-A376-2F5105C361F6}.Debug|x64.Build.0 = Debug|Any CPU
		{C1A72E89-47DA-422F-A376-2F5105C361F6}.Debug|x86.ActiveCfg = Debug|Any CPU
		{C1A72E89-47DA-422F-A376-2F5105C361F6}.Debug|x86.Build.0 = Debug|Any CPU
		{C1A72E89-47DA-422F-A376-2F5105C361F6}.Release|Any CPU.ActiveCfg = Release|Any CPU
		{C1A72E89-47DA-422F-A376-2F5105C361F6}.Release|Any CPU.Build.0 = Release|Any CPU
		{C1A72E89-47DA-422F-A376-2F5105C361F6}.Release|x64.ActiveCfg = Release|Any CPU
		{C1A72E89-47DA-422F-A376-2F5105C361F6}.Release|x64.Build.0 = Release|Any CPU
		{C1A72E89-47DA-422F-A376-2F5105C361F6}.Release|x86.ActiveCfg = Release|Any CPU
		{C1A72E89-47DA-422F-A376-2F5105C361F6}.Release|x86.Build.0 = Release|Any CPU
		{0DD3816F-51AF-48C6-9DF6-41004DEF38EB}.Debug|Any CPU.ActiveCfg = Debug|Any CPU
		{0DD3816F-51AF-48C6-9DF6-41004DEF38EB}.Debug|Any CPU.Build.0 = Debug|Any CPU
		{0DD3816F-51AF-48C6-9DF6-41004DEF38EB}.Debug|x64.ActiveCfg = Debug|Any CPU
		{0DD3816F-51AF-48C6-9DF6-41004DEF38EB}.Debug|x64.Build.0 = Debug|Any CPU
		{0DD3816F-51AF-48C6-9DF6-41004DEF38EB}.Debug|x86.ActiveCfg = Debug|Any CPU
		{0DD3816F-51AF-48C6-9DF6-41004DEF38EB}.Debug|x86.Build.0 = Debug|Any CPU
		{0DD3816F-51AF-48C6-9DF6-41004DEF38EB}.Release|Any CPU.ActiveCfg = Release|Any CPU
		{0DD3816F-51AF-48C6-9DF6-41004DEF38EB}.Release|Any CPU.Build.0 = Release|Any CPU
		{0DD3816F-51AF-48C6-9DF6-41004DEF38EB}.Release|x64.ActiveCfg = Release|Any CPU
		{0DD3816F-51AF-48C6-9DF6-41004DEF38EB}.Release|x64.Build.0 = Release|Any CPU
		{0DD3816F-51AF-48C6-9DF6-41004DEF38EB}.Release|x86.ActiveCfg = Release|Any CPU
		{0DD3816F-51AF-48C6-9DF6-41004DEF38EB}.Release|x86.Build.0 = Release|Any CPU
		{1085D7A4-ED02-4596-B13A-83A99D4472C8}.Debug|Any CPU.ActiveCfg = Debug|Any CPU
		{1085D7A4-ED02-4596-B13A-83A99D4472C8}.Debug|Any CPU.Build.0 = Debug|Any CPU
		{1085D7A4-ED02-4596-B13A-83A99D4472C8}.Debug|x64.ActiveCfg = Debug|Any CPU
		{1085D7A4-ED02-4596-B13A-83A99D4472C8}.Debug|x64.Build.0 = Debug|Any CPU
		{1085D7A4-ED02-4596-B13A-83A99D4472C8}.Debug|x86.ActiveCfg = Debug|Any CPU
		{1085D7A4-ED02-4596-B13A-83A99D4472C8}.Debug|x86.Build.0 = Debug|Any CPU
		{1085D7A4-ED02-4596-B13A-83A99D4472C8}.Release|Any CPU.ActiveCfg = Release|Any CPU
		{1085D7A4-ED02-4596-B13A-83A99D4472C8}.Release|Any CPU.Build.0 = Release|Any CPU
		{1085D7A4-ED02-4596-B13A-83A99D4472C8}.Release|x64.ActiveCfg = Release|Any CPU
		{1085D7A4-ED02-4596-B13A-83A99D4472C8}.Release|x64.Build.0 = Release|Any CPU
		{1085D7A4-ED02-4596-B13A-83A99D4472C8}.Release|x86.ActiveCfg = Release|Any CPU
		{1085D7A4-ED02-4596-B13A-83A99D4472C8}.Release|x86.Build.0 = Release|Any CPU
		{B398C221-2E1D-4B86-ADEF-BA94D3FA51BF}.Debug|Any CPU.ActiveCfg = Debug|Any CPU
		{B398C221-2E1D-4B86-ADEF-BA94D3FA51BF}.Debug|Any CPU.Build.0 = Debug|Any CPU
		{B398C221-2E1D-4B86-ADEF-BA94D3FA51BF}.Debug|x64.ActiveCfg = Debug|Any CPU
		{B398C221-2E1D-4B86-ADEF-BA94D3FA51BF}.Debug|x64.Build.0 = Debug|Any CPU
		{B398C221-2E1D-4B86-ADEF-BA94D3FA51BF}.Debug|x86.ActiveCfg = Debug|Any CPU
		{B398C221-2E1D-4B86-ADEF-BA94D3FA51BF}.Debug|x86.Build.0 = Debug|Any CPU
		{B398C221-2E1D-4B86-ADEF-BA94D3FA51BF}.Release|Any CPU.ActiveCfg = Release|Any CPU
		{B398C221-2E1D-4B86-ADEF-BA94D3FA51BF}.Release|Any CPU.Build.0 = Release|Any CPU
		{B398C221-2E1D-4B86-ADEF-BA94D3FA51BF}.Release|x64.ActiveCfg = Release|Any CPU
		{B398C221-2E1D-4B86-ADEF-BA94D3FA51BF}.Release|x64.Build.0 = Release|Any CPU
		{B398C221-2E1D-4B86-ADEF-BA94D3FA51BF}.Release|x86.ActiveCfg = Release|Any CPU
		{B398C221-2E1D-4B86-ADEF-BA94D3FA51BF}.Release|x86.Build.0 = Release|Any CPU
		{AC299B23-3FA8-4C95-9D7D-D7AEB93BB7D4}.Debug|Any CPU.ActiveCfg = Debug|Any CPU
		{AC299B23-3FA8-4C95-9D7D-D7AEB93BB7D4}.Debug|Any CPU.Build.0 = Debug|Any CPU
		{AC299B23-3FA8-4C95-9D7D-D7AEB93BB7D4}.Debug|x64.ActiveCfg = Debug|Any CPU
		{AC299B23-3FA8-4C95-9D7D-D7AEB93BB7D4}.Debug|x64.Build.0 = Debug|Any CPU
		{AC299B23-3FA8-4C95-9D7D-D7AEB93BB7D4}.Debug|x86.ActiveCfg = Debug|Any CPU
		{AC299B23-3FA8-4C95-9D7D-D7AEB93BB7D4}.Debug|x86.Build.0 = Debug|Any CPU
		{AC299B23-3FA8-4C95-9D7D-D7AEB93BB7D4}.Release|Any CPU.ActiveCfg = Release|Any CPU
		{AC299B23-3FA8-4C95-9D7D-D7AEB93BB7D4}.Release|Any CPU.Build.0 = Release|Any CPU
		{AC299B23-3FA8-4C95-9D7D-D7AEB93BB7D4}.Release|x64.ActiveCfg = Release|Any CPU
		{AC299B23-3FA8-4C95-9D7D-D7AEB93BB7D4}.Release|x64.Build.0 = Release|Any CPU
		{AC299B23-3FA8-4C95-9D7D-D7AEB93BB7D4}.Release|x86.ActiveCfg = Release|Any CPU
		{AC299B23-3FA8-4C95-9D7D-D7AEB93BB7D4}.Release|x86.Build.0 = Release|Any CPU
		{EA5A5D4C-378F-472E-8B7C-075EC8D2370E}.Debug|Any CPU.ActiveCfg = Debug|Any CPU
		{EA5A5D4C-378F-472E-8B7C-075EC8D2370E}.Debug|Any CPU.Build.0 = Debug|Any CPU
		{EA5A5D4C-378F-472E-8B7C-075EC8D2370E}.Debug|x64.ActiveCfg = Debug|Any CPU
		{EA5A5D4C-378F-472E-8B7C-075EC8D2370E}.Debug|x64.Build.0 = Debug|Any CPU
		{EA5A5D4C-378F-472E-8B7C-075EC8D2370E}.Debug|x86.ActiveCfg = Debug|Any CPU
		{EA5A5D4C-378F-472E-8B7C-075EC8D2370E}.Debug|x86.Build.0 = Debug|Any CPU
		{EA5A5D4C-378F-472E-8B7C-075EC8D2370E}.Release|Any CPU.ActiveCfg = Release|Any CPU
		{EA5A5D4C-378F-472E-8B7C-075EC8D2370E}.Release|Any CPU.Build.0 = Release|Any CPU
		{EA5A5D4C-378F-472E-8B7C-075EC8D2370E}.Release|x64.ActiveCfg = Release|Any CPU
		{EA5A5D4C-378F-472E-8B7C-075EC8D2370E}.Release|x64.Build.0 = Release|Any CPU
		{EA5A5D4C-378F-472E-8B7C-075EC8D2370E}.Release|x86.ActiveCfg = Release|Any CPU
		{EA5A5D4C-378F-472E-8B7C-075EC8D2370E}.Release|x86.Build.0 = Release|Any CPU
		{D14A6A1A-FB37-41A0-A6F0-F2A839D3E156}.Debug|Any CPU.ActiveCfg = Debug|Any CPU
		{D14A6A1A-FB37-41A0-A6F0-F2A839D3E156}.Debug|Any CPU.Build.0 = Debug|Any CPU
		{D14A6A1A-FB37-41A0-A6F0-F2A839D3E156}.Debug|x64.ActiveCfg = Debug|Any CPU
		{D14A6A1A-FB37-41A0-A6F0-F2A839D3E156}.Debug|x64.Build.0 = Debug|Any CPU
		{D14A6A1A-FB37-41A0-A6F0-F2A839D3E156}.Debug|x86.ActiveCfg = Debug|Any CPU
		{D14A6A1A-FB37-41A0-A6F0-F2A839D3E156}.Debug|x86.Build.0 = Debug|Any CPU
		{D14A6A1A-FB37-41A0-A6F0-F2A839D3E156}.Release|Any CPU.ActiveCfg = Release|Any CPU
		{D14A6A1A-FB37-41A0-A6F0-F2A839D3E156}.Release|Any CPU.Build.0 = Release|Any CPU
		{D14A6A1A-FB37-41A0-A6F0-F2A839D3E156}.Release|x64.ActiveCfg = Release|Any CPU
		{D14A6A1A-FB37-41A0-A6F0-F2A839D3E156}.Release|x64.Build.0 = Release|Any CPU
		{D14A6A1A-FB37-41A0-A6F0-F2A839D3E156}.Release|x86.ActiveCfg = Release|Any CPU
		{D14A6A1A-FB37-41A0-A6F0-F2A839D3E156}.Release|x86.Build.0 = Release|Any CPU
		{E914A8EE-1E32-48D9-AD58-ACB3B3B39FFB}.Debug|Any CPU.ActiveCfg = Debug|Any CPU
		{E914A8EE-1E32-48D9-AD58-ACB3B3B39FFB}.Debug|Any CPU.Build.0 = Debug|Any CPU
		{E914A8EE-1E32-48D9-AD58-ACB3B3B39FFB}.Debug|x64.ActiveCfg = Debug|Any CPU
		{E914A8EE-1E32-48D9-AD58-ACB3B3B39FFB}.Debug|x64.Build.0 = Debug|Any CPU
		{E914A8EE-1E32-48D9-AD58-ACB3B3B39FFB}.Debug|x86.ActiveCfg = Debug|Any CPU
		{E914A8EE-1E32-48D9-AD58-ACB3B3B39FFB}.Debug|x86.Build.0 = Debug|Any CPU
		{E914A8EE-1E32-48D9-AD58-ACB3B3B39FFB}.Release|Any CPU.ActiveCfg = Release|Any CPU
		{E914A8EE-1E32-48D9-AD58-ACB3B3B39FFB}.Release|Any CPU.Build.0 = Release|Any CPU
		{E914A8EE-1E32-48D9-AD58-ACB3B3B39FFB}.Release|x64.ActiveCfg = Release|Any CPU
		{E914A8EE-1E32-48D9-AD58-ACB3B3B39FFB}.Release|x64.Build.0 = Release|Any CPU
		{E914A8EE-1E32-48D9-AD58-ACB3B3B39FFB}.Release|x86.ActiveCfg = Release|Any CPU
		{E914A8EE-1E32-48D9-AD58-ACB3B3B39FFB}.Release|x86.Build.0 = Release|Any CPU
		{A2257AE8-C290-474D-840F-36ADE9B68FE4}.Debug|Any CPU.ActiveCfg = Debug|Any CPU
		{A2257AE8-C290-474D-840F-36ADE9B68FE4}.Debug|Any CPU.Build.0 = Debug|Any CPU
		{A2257AE8-C290-474D-840F-36ADE9B68FE4}.Debug|x64.ActiveCfg = Debug|Any CPU
		{A2257AE8-C290-474D-840F-36ADE9B68FE4}.Debug|x64.Build.0 = Debug|Any CPU
		{A2257AE8-C290-474D-840F-36ADE9B68FE4}.Debug|x86.ActiveCfg = Debug|Any CPU
		{A2257AE8-C290-474D-840F-36ADE9B68FE4}.Debug|x86.Build.0 = Debug|Any CPU
		{A2257AE8-C290-474D-840F-36ADE9B68FE4}.Release|Any CPU.ActiveCfg = Release|Any CPU
		{A2257AE8-C290-474D-840F-36ADE9B68FE4}.Release|Any CPU.Build.0 = Release|Any CPU
		{A2257AE8-C290-474D-840F-36ADE9B68FE4}.Release|x64.ActiveCfg = Release|Any CPU
		{A2257AE8-C290-474D-840F-36ADE9B68FE4}.Release|x64.Build.0 = Release|Any CPU
		{A2257AE8-C290-474D-840F-36ADE9B68FE4}.Release|x86.ActiveCfg = Release|Any CPU
		{A2257AE8-C290-474D-840F-36ADE9B68FE4}.Release|x86.Build.0 = Release|Any CPU
		{9D7EFB43-7BA9-4364-8B33-7F22ACED4C88}.Debug|Any CPU.ActiveCfg = Debug|Any CPU
		{9D7EFB43-7BA9-4364-8B33-7F22ACED4C88}.Debug|Any CPU.Build.0 = Debug|Any CPU
		{9D7EFB43-7BA9-4364-8B33-7F22ACED4C88}.Debug|x64.ActiveCfg = Debug|Any CPU
		{9D7EFB43-7BA9-4364-8B33-7F22ACED4C88}.Debug|x64.Build.0 = Debug|Any CPU
		{9D7EFB43-7BA9-4364-8B33-7F22ACED4C88}.Debug|x86.ActiveCfg = Debug|Any CPU
		{9D7EFB43-7BA9-4364-8B33-7F22ACED4C88}.Debug|x86.Build.0 = Debug|Any CPU
		{9D7EFB43-7BA9-4364-8B33-7F22ACED4C88}.Release|Any CPU.ActiveCfg = Release|Any CPU
		{9D7EFB43-7BA9-4364-8B33-7F22ACED4C88}.Release|Any CPU.Build.0 = Release|Any CPU
		{9D7EFB43-7BA9-4364-8B33-7F22ACED4C88}.Release|x64.ActiveCfg = Release|Any CPU
		{9D7EFB43-7BA9-4364-8B33-7F22ACED4C88}.Release|x64.Build.0 = Release|Any CPU
		{9D7EFB43-7BA9-4364-8B33-7F22ACED4C88}.Release|x86.ActiveCfg = Release|Any CPU
		{9D7EFB43-7BA9-4364-8B33-7F22ACED4C88}.Release|x86.Build.0 = Release|Any CPU
		{F7B4872A-78C7-49CF-A96F-6947C0BE389F}.Debug|Any CPU.ActiveCfg = Debug|Any CPU
		{F7B4872A-78C7-49CF-A96F-6947C0BE389F}.Debug|Any CPU.Build.0 = Debug|Any CPU
		{F7B4872A-78C7-49CF-A96F-6947C0BE389F}.Debug|x64.ActiveCfg = Debug|Any CPU
		{F7B4872A-78C7-49CF-A96F-6947C0BE389F}.Debug|x64.Build.0 = Debug|Any CPU
		{F7B4872A-78C7-49CF-A96F-6947C0BE389F}.Debug|x86.ActiveCfg = Debug|Any CPU
		{F7B4872A-78C7-49CF-A96F-6947C0BE389F}.Debug|x86.Build.0 = Debug|Any CPU
		{F7B4872A-78C7-49CF-A96F-6947C0BE389F}.Release|Any CPU.ActiveCfg = Release|Any CPU
		{F7B4872A-78C7-49CF-A96F-6947C0BE389F}.Release|Any CPU.Build.0 = Release|Any CPU
		{F7B4872A-78C7-49CF-A96F-6947C0BE389F}.Release|x64.ActiveCfg = Release|Any CPU
		{F7B4872A-78C7-49CF-A96F-6947C0BE389F}.Release|x64.Build.0 = Release|Any CPU
		{F7B4872A-78C7-49CF-A96F-6947C0BE389F}.Release|x86.ActiveCfg = Release|Any CPU
		{F7B4872A-78C7-49CF-A96F-6947C0BE389F}.Release|x86.Build.0 = Release|Any CPU
		{7FEC18F0-D7BB-4FDC-B657-0E6385525CEE}.Debug|Any CPU.ActiveCfg = Debug|Any CPU
		{7FEC18F0-D7BB-4FDC-B657-0E6385525CEE}.Debug|Any CPU.Build.0 = Debug|Any CPU
		{7FEC18F0-D7BB-4FDC-B657-0E6385525CEE}.Debug|x64.ActiveCfg = Debug|Any CPU
		{7FEC18F0-D7BB-4FDC-B657-0E6385525CEE}.Debug|x64.Build.0 = Debug|Any CPU
		{7FEC18F0-D7BB-4FDC-B657-0E6385525CEE}.Debug|x86.ActiveCfg = Debug|Any CPU
		{7FEC18F0-D7BB-4FDC-B657-0E6385525CEE}.Debug|x86.Build.0 = Debug|Any CPU
		{7FEC18F0-D7BB-4FDC-B657-0E6385525CEE}.Release|Any CPU.ActiveCfg = Release|Any CPU
		{7FEC18F0-D7BB-4FDC-B657-0E6385525CEE}.Release|Any CPU.Build.0 = Release|Any CPU
		{7FEC18F0-D7BB-4FDC-B657-0E6385525CEE}.Release|x64.ActiveCfg = Release|Any CPU
		{7FEC18F0-D7BB-4FDC-B657-0E6385525CEE}.Release|x64.Build.0 = Release|Any CPU
		{7FEC18F0-D7BB-4FDC-B657-0E6385525CEE}.Release|x86.ActiveCfg = Release|Any CPU
		{7FEC18F0-D7BB-4FDC-B657-0E6385525CEE}.Release|x86.Build.0 = Release|Any CPU
	EndGlobalSection
	GlobalSection(SolutionProperties) = preSolution
		HideSolutionNode = FALSE
	EndGlobalSection
	GlobalSection(NestedProjects) = preSolution
		{C1A72E89-47DA-422F-A376-2F5105C361F6} = {827E0CD3-B72D-47B6-A68D-7590B98EB39B}
		{0DD3816F-51AF-48C6-9DF6-41004DEF38EB} = {827E0CD3-B72D-47B6-A68D-7590B98EB39B}
		{1085D7A4-ED02-4596-B13A-83A99D4472C8} = {827E0CD3-B72D-47B6-A68D-7590B98EB39B}
		{B398C221-2E1D-4B86-ADEF-BA94D3FA51BF} = {827E0CD3-B72D-47B6-A68D-7590B98EB39B}
		{AC299B23-3FA8-4C95-9D7D-D7AEB93BB7D4} = {827E0CD3-B72D-47B6-A68D-7590B98EB39B}
		{EA5A5D4C-378F-472E-8B7C-075EC8D2370E} = {827E0CD3-B72D-47B6-A68D-7590B98EB39B}
		{D14A6A1A-FB37-41A0-A6F0-F2A839D3E156} = {827E0CD3-B72D-47B6-A68D-7590B98EB39B}
		{E914A8EE-1E32-48D9-AD58-ACB3B3B39FFB} = {827E0CD3-B72D-47B6-A68D-7590B98EB39B}
		{A2257AE8-C290-474D-840F-36ADE9B68FE4} = {0AB3BF05-4346-4AA6-1389-037BE0695223}
		{9D7EFB43-7BA9-4364-8B33-7F22ACED4C88} = {0AB3BF05-4346-4AA6-1389-037BE0695223}
		{F7B4872A-78C7-49CF-A96F-6947C0BE389F} = {0AB3BF05-4346-4AA6-1389-037BE0695223}
		{7FEC18F0-D7BB-4FDC-B657-0E6385525CEE} = {827E0CD3-B72D-47B6-A68D-7590B98EB39B}
	EndGlobalSection
EndGlobal
